{
    "_readme": [
        "This file locks the dependencies of your project to a known state",
        "Read more about it at https://getcomposer.org/doc/01-basic-usage.md#installing-dependencies",
        "This file is @generated automatically"
    ],
    "content-hash": "e13c366f79df136586cab1a2da0ab6cf",
    "packages": [
        {
            "name": "vendor/middlewares-package",
            "version": "dev-master",
            "dist": {
                "type": "path",
                "url": "./collect/src/AuthMiddlewareModule",
                "reference": "082f8c36af2c1411249d406a7831bba668de1dd4"
            },
            "type": "library",
            "autoload": {
                "psr-4": {
                    "MiddlewaresPackage\\": "src/"
                }
            },
            "description": "A package for middlewares",
            "transport-options": {
                "relative": true
            }
        }
    ],
    "packages-dev": [],
    "aliases": [],
    "minimum-stability": "dev",
    "stability-flags": {
        "vendor/middlewares-package": 20
    },
    "prefer-stable": true,
    "prefer-lowest": false,
    "platform": [],
    "platform-dev": [],
    "plugin-api-version": "2.6.0"
}
